PODS:
  - APIKit (3.0.0):
    - Result (~> 3.0)
  - Cartography (1.0.1)
  - Himotoki (3.0.0)
  - Kingfisher (3.1.4)
  - NavigationNotice (1.2.1)
  - Nimble (5.1.1)
  - Quick (1.0.0)
  - Result (3.1.0)
  - RxCocoa (3.0.1):
    - RxSwift (~> 3.0)
  - RxSwift (3.0.1)
  - SpringIndicator (1.4.1)
  - SwiftDate (4.0.8)

DEPENDENCIES:
  - APIKit (~> 3.0.0)
  - Cartography (~> 1.0.0)
  - Himotoki (~> 3.0.0)
  - Kingfisher (~> 3.1.1)
  - NavigationNotice (~> 1.2.1)
  - Nimble (from `git@github.com:Quick/Nimble.git`, branch `master`)
  - Quick (from `git@github.com:Quick/Quick.git`, branch `master`)
  - RxCocoa (~> 3.0.1)
  - RxSwift (~> 3.0.1)
  - SpringIndicator (~> 1.4.1)
  - SwiftDate (~> 4.0.1)

EXTERNAL SOURCES:
  Nimble:
    :branch: master
    :git: git@github.com:Quick/Nimble.git
  Quick:
    :branch: master
    :git: git@github.com:Quick/Quick.git

CHECKOUT OPTIONS:
  Nimble:
    :commit: aad3c14cf6914d9b9bca31871efdb2fee0922d97
    :git: git@github.com:Quick/Nimble.git
  Quick:
    :commit: 0fdf273c7c1463a5f25c3942587452b1e892918c
    :git: git@github.com:Quick/Quick.git

SPEC CHECKSUMS:
  APIKit: f541a78fc054a03690e7bd32198b00bb835654b6
  Cartography: c1460e99395b824d9d75360b0382faeb0b33dcd7
  Himotoki: df74b01035e86e021b7b04a15b033a7fd189b84f
  Kingfisher: 6c67e3e57f2d81a9cfdfa25052cd86f33ceac9bb
  NavigationNotice: 9a0186fe9787436d6ece5ad88a9a923839ef2b4a
  Nimble: 5a51a91865b6f7ce1849fbe18ff13148046c585e
  Quick: 8024e4a47e6cc03a9d5245ef0948264fc6d27cff
  Result: 4e3ed5995ed94d0cd6a09be9a431fce3f3624bbf
  RxCocoa: 15a52fc590dcc700cb4a690a633b5c5184ce3a78
  RxSwift: af5680055c4ad04480189c52d28385b1029493a6
  SpringIndicator: d2be83cf7dbab52d91d378a5d3a267187b4959e5
  SwiftDate: 9aa3259d8850d818bec02802f8f05aa9a8c26fdb

PODFILE CHECKSUM: 7feacee21f492362c1ea2b7c3cb983433159d06f

COCOAPODS: 1.1.1
